
Microsoft Visual Studio Solution File, Format Version 12.00
# Visual Studio 15
VisualStudioVersion = 15.0.28307.136
MinimumVisualStudioVersion = 10.0.40219.1
Project("{FAE04EC0-301F-11D3-BF4B-00C04F79EFBC}") = "IsraelTorres_CE04", "IsraelTorres_CE04\IsraelTorres_CE04.csproj", "{52B74D5F-A838-4B05-9105-258963D542B2}"
EndProject
Global
	GlobalSection(SolutionConfigurationPlatforms) = preSolution
		Debug|Any CPU = Debug|Any CPU
		Release|Any CPU = Release|Any CPU
	EndGlobalSection
	GlobalSection(ProjectConfigurationPlatforms) = postSolution
		{52B74D5F-A838-4B05-9105-258963D542B2}.Debug|Any CPU.ActiveCfg = Debug|Any CPU
		{52B74D5F-A838-4B05-9105-258963D542B2}.Debug|Any CPU.Build.0 = Debug|Any CPU
		{52B74D5F-A838-4B05-9105-258963D542B2}.Release|Any CPU.ActiveCfg = Release|Any CPU
		{52B74D5F-A838-4B05-9105-258963D542B2}.Release|Any CPU.Build.0 = Release|Any CPU
	EndGlobalSection
	GlobalSection(SolutionProperties) = preSolution
		HideSolutionNode = FALSE
	EndGlobalSection
	GlobalSection(ExtensibilityGlobals) = postSolution
		SolutionGuid = {74DADE96-8AA3-4B79-BDC2-7126E572FDA7}
	EndGlobalSection
EndGlobal
